
Microsoft Visual Studio Solution File, Format Version 12.00
# Visual Studio 2013
VisualStudioVersion = 12.0.31101.0
MinimumVisualStudioVersion = 10.0.40219.1
Project("{FAE04EC0-301F-11D3-BF4B-00C04F79EFBC}") = "Problem01DecimalToBinary", "Problem01DecimalToBinary\Problem01DecimalToBinary.csproj", "{9C12844E-215A-4397-B55C-8BDCBCF643BD}"
EndProject
Project("{FAE04EC0-301F-11D3-BF4B-00C04F79EFBC}") = "Problem02BinaryToDecimal", "Problem02BinaryToDecimal\Problem02BinaryToDecimal.csproj", "{6D7D864B-446A-4BEE-92FB-3ABA6CA1F67F}"
EndProject
Project("{FAE04EC0-301F-11D3-BF4B-00C04F79EFBC}") = "Problem03DecimalToHexadecimal", "Problem03DecimalToHexadecimal\Problem03DecimalToHexadecimal.csproj", "{426458B3-4D26-4AE0-9326-7E6C9C53C6CA}"
EndProject
Project("{FAE04EC0-301F-11D3-BF4B-00C04F79EFBC}") = "Problem04HexadecimalToDecimal", "Problem04HexadecimalToDecimal\Problem04HexadecimalToDecimal.csproj", "{7E790B60-51EF-44FD-9062-78B4A25382E2}"
EndProject
Project("{FAE04EC0-301F-11D3-BF4B-00C04F79EFBC}") = "Problem05HexadecimalTobinary", "Problem05HexadecimalTobinary\Problem05HexadecimalTobinary.csproj", "{013A2B76-448B-4DCE-8522-7C3E2C6597F5}"
EndProject
Project("{FAE04EC0-301F-11D3-BF4B-00C04F79EFBC}") = "Problem06BinaryToHexadecimal", "Problem06BinaryToHexadecimal\Problem06BinaryToHexadecimal.csproj", "{01EE5954-6AD9-4D0F-9DBD-7A9D62D51F33}"
EndProject
Project("{FAE04EC0-301F-11D3-BF4B-00C04F79EFBC}") = "Problem07OneSystemToAnyOther", "Problem07OneSystemToAnyOther\Problem07OneSystemToAnyOther.csproj", "{A913DC3D-2F2D-41A8-A5C4-39DF20AB126B}"
EndProject
Project("{FAE04EC0-301F-11D3-BF4B-00C04F79EFBC}") = "Problem08BinaryShort", "Problem08BinaryShort\Problem08BinaryShort.csproj", "{EEE1FD35-0257-489E-AE8C-6229444A907C}"
EndProject
Project("{FAE04EC0-301F-11D3-BF4B-00C04F79EFBC}") = "Problem09BinaryFloatingPoint", "Problem09BinaryFloatingPoint\Problem09BinaryFloatingPoint.csproj", "{AAEEB62E-3860-4793-9CBA-A54626630E7E}"
EndProject
Global
	GlobalSection(SolutionConfigurationPlatforms) = preSolution
		Debug|Any CPU = Debug|Any CPU
		Release|Any CPU = Release|Any CPU
	EndGlobalSection
	GlobalSection(ProjectConfigurationPlatforms) = postSolution
		{9C12844E-215A-4397-B55C-8BDCBCF643BD}.Debug|Any CPU.ActiveCfg = Debug|Any CPU
		{9C12844E-215A-4397-B55C-8BDCBCF643BD}.Debug|Any CPU.Build.0 = Debug|Any CPU
		{9C12844E-215A-4397-B55C-8BDCBCF643BD}.Release|Any CPU.ActiveCfg = Release|Any CPU
		{9C12844E-215A-4397-B55C-8BDCBCF643BD}.Release|Any CPU.Build.0 = Release|Any CPU
		{6D7D864B-446A-4BEE-92FB-3ABA6CA1F67F}.Debug|Any CPU.ActiveCfg = Debug|Any CPU
		{6D7D864B-446A-4BEE-92FB-3ABA6CA1F67F}.Debug|Any CPU.Build.0 = Debug|Any CPU
		{6D7D864B-446A-4BEE-92FB-3ABA6CA1F67F}.Release|Any CPU.ActiveCfg = Release|Any CPU
		{6D7D864B-446A-4BEE-92FB-3ABA6CA1F67F}.Release|Any CPU.Build.0 = Release|Any CPU
		{426458B3-4D26-4AE0-9326-7E6C9C53C6CA}.Debug|Any CPU.ActiveCfg = Debug|Any CPU
		{426458B3-4D26-4AE0-9326-7E6C9C53C6CA}.Debug|Any CPU.Build.0 = Debug|Any CPU
		{426458B3-4D26-4AE0-9326-7E6C9C53C6CA}.Release|Any CPU.ActiveCfg = Release|Any CPU
		{426458B3-4D26-4AE0-9326-7E6C9C53C6CA}.Release|Any CPU.Build.0 = Release|Any CPU
		{7E790B60-51EF-44FD-9062-78B4A25382E2}.Debug|Any CPU.ActiveCfg = Debug|Any CPU
		{7E790B60-51EF-44FD-9062-78B4A25382E2}.Debug|Any CPU.Build.0 = Debug|Any CPU
		{7E790B60-51EF-44FD-9062-78B4A25382E2}.Release|Any CPU.ActiveCfg = Release|Any CPU
		{7E790B60-51EF-44FD-9062-78B4A25382E2}.Release|Any CPU.Build.0 = Release|Any CPU
		{013A2B76-448B-4DCE-8522-7C3E2C6597F5}.Debug|Any CPU.ActiveCfg = Debug|Any CPU
		{013A2B76-448B-4DCE-8522-7C3E2C6597F5}.Debug|Any CPU.Build.0 = Debug|Any CPU
		{013A2B76-448B-4DCE-8522-7C3E2C6597F5}.Release|Any CPU.ActiveCfg = Release|Any CPU
		{013A2B76-448B-4DCE-8522-7C3E2C6597F5}.Release|Any CPU.Build.0 = Release|Any CPU
		{01EE5954-6AD9-4D0F-9DBD-7A9D62D51F33}.Debug|Any CPU.ActiveCfg = Debug|Any CPU
		{01EE5954-6AD9-4D0F-9DBD-7A9D62D51F33}.Debug|Any CPU.Build.0 = Debug|Any CPU
		{01EE5954-6AD9-4D0F-9DBD-7A9D62D51F33}.Release|Any CPU.ActiveCfg = Release|Any CPU
		{01EE5954-6AD9-4D0F-9DBD-7A9D62D51F33}.Release|Any CPU.Build.0 = Release|Any CPU
		{A913DC3D-2F2D-41A8-A5C4-39DF20AB126B}.Debug|Any CPU.ActiveCfg = Debug|Any CPU
		{A913DC3D-2F2D-41A8-A5C4-39DF20AB126B}.Debug|Any CPU.Build.0 = Debug|Any CPU
		{A913DC3D-2F2D-41A8-A5C4-39DF20AB126B}.Release|Any CPU.ActiveCfg = Release|Any CPU
		{A913DC3D-2F2D-41A8-A5C4-39DF20AB126B}.Release|Any CPU.Build.0 = Release|Any CPU
		{EEE1FD35-0257-489E-AE8C-6229444A907C}.Debug|Any CPU.ActiveCfg = Debug|Any CPU
		{EEE1FD35-0257-489E-AE8C-6229444A907C}.Debug|Any CPU.Build.0 = Debug|Any CPU
		{EEE1FD35-0257-489E-AE8C-6229444A907C}.Release|Any CPU.ActiveCfg = Release|Any CPU
		{EEE1FD35-0257-489E-AE8C-6229444A907C}.Release|Any CPU.Build.0 = Release|Any CPU
		{AAEEB62E-3860-4793-9CBA-A54626630E7E}.Debug|Any CPU.ActiveCfg = Debug|Any CPU
		{AAEEB62E-3860-4793-9CBA-A54626630E7E}.Debug|Any CPU.Build.0 = Debug|Any CPU
		{AAEEB62E-3860-4793-9CBA-A54626630E7E}.Release|Any CPU.ActiveCfg = Release|Any CPU
		{AAEEB62E-3860-4793-9CBA-A54626630E7E}.Release|Any CPU.Build.0 = Release|Any CPU
	EndGlobalSection
	GlobalSection(SolutionProperties) = preSolution
		HideSolutionNode = FALSE
	EndGlobalSection
EndGlobal
