
Microsoft Visual Studio Solution File, Format Version 12.00
# Visual Studio 2013
VisualStudioVersion = 12.0.31101.0
MinimumVisualStudioVersion = 10.0.40219.1
Project("{FAE04EC0-301F-11D3-BF4B-00C04F79EFBC}") = "Problem01SquareRoot", "Problem01SquareRoot\Problem01SquareRoot.csproj", "{87EF5769-EF4A-44C6-8C3B-CA312502C55E}"
EndProject
Project("{FAE04EC0-301F-11D3-BF4B-00C04F79EFBC}") = "Problem02EnterNumbers", "Problem02EnterNumbers\Problem02EnterNumbers.csproj", "{F38109F3-0A23-48C4-820C-D92D279DD21A}"
EndProject
Project("{FAE04EC0-301F-11D3-BF4B-00C04F79EFBC}") = "Problem03ReadFileContents", "Problem03ReadFileContents\Problem03ReadFileContents.csproj", "{0F7AF305-84D4-4EF9-92D2-6538A4AC7803}"
EndProject
Project("{FAE04EC0-301F-11D3-BF4B-00C04F79EFBC}") = "Problem04DownloadFile", "Problem04DownloadFile\Problem04DownloadFile.csproj", "{A3DE409D-B2F7-4ED4-9ED8-0F4775742F8A}"
EndProject
Global
	GlobalSection(SolutionConfigurationPlatforms) = preSolution
		Debug|Any CPU = Debug|Any CPU
		Release|Any CPU = Release|Any CPU
	EndGlobalSection
	GlobalSection(ProjectConfigurationPlatforms) = postSolution
		{87EF5769-EF4A-44C6-8C3B-CA312502C55E}.Debug|Any CPU.ActiveCfg = Debug|Any CPU
		{87EF5769-EF4A-44C6-8C3B-CA312502C55E}.Debug|Any CPU.Build.0 = Debug|Any CPU
		{87EF5769-EF4A-44C6-8C3B-CA312502C55E}.Release|Any CPU.ActiveCfg = Release|Any CPU
		{87EF5769-EF4A-44C6-8C3B-CA312502C55E}.Release|Any CPU.Build.0 = Release|Any CPU
		{F38109F3-0A23-48C4-820C-D92D279DD21A}.Debug|Any CPU.ActiveCfg = Debug|Any CPU
		{F38109F3-0A23-48C4-820C-D92D279DD21A}.Debug|Any CPU.Build.0 = Debug|Any CPU
		{F38109F3-0A23-48C4-820C-D92D279DD21A}.Release|Any CPU.ActiveCfg = Release|Any CPU
		{F38109F3-0A23-48C4-820C-D92D279DD21A}.Release|Any CPU.Build.0 = Release|Any CPU
		{0F7AF305-84D4-4EF9-92D2-6538A4AC7803}.Debug|Any CPU.ActiveCfg = Debug|Any CPU
		{0F7AF305-84D4-4EF9-92D2-6538A4AC7803}.Debug|Any CPU.Build.0 = Debug|Any CPU
		{0F7AF305-84D4-4EF9-92D2-6538A4AC7803}.Release|Any CPU.ActiveCfg = Release|Any CPU
		{0F7AF305-84D4-4EF9-92D2-6538A4AC7803}.Release|Any CPU.Build.0 = Release|Any CPU
		{A3DE409D-B2F7-4ED4-9ED8-0F4775742F8A}.Debug|Any CPU.ActiveCfg = Debug|Any CPU
		{A3DE409D-B2F7-4ED4-9ED8-0F4775742F8A}.Debug|Any CPU.Build.0 = Debug|Any CPU
		{A3DE409D-B2F7-4ED4-9ED8-0F4775742F8A}.Release|Any CPU.ActiveCfg = Release|Any CPU
		{A3DE409D-B2F7-4ED4-9ED8-0F4775742F8A}.Release|Any CPU.Build.0 = Release|Any CPU
	EndGlobalSection
	GlobalSection(SolutionProperties) = preSolution
		HideSolutionNode = FALSE
	EndGlobalSection
EndGlobal
