
Microsoft Visual Studio Solution File, Format Version 12.00
# Visual Studio 2013
VisualStudioVersion = 12.0.31101.0
MinimumVisualStudioVersion = 10.0.40219.1
Project("{FAE04EC0-301F-11D3-BF4B-00C04F79EFBC}") = "Problem01SayHello", "Problem01SayHello\Problem01SayHello.csproj", "{D9412102-535D-4829-A570-38D0C5D47338}"
EndProject
Project("{FAE04EC0-301F-11D3-BF4B-00C04F79EFBC}") = "Problem02GetLargestNumber", "Problem02GetLargestNumber\Problem02GetLargestNumber.csproj", "{AB6D88F5-363C-469A-A753-C9A31BCB53A9}"
EndProject
Project("{FAE04EC0-301F-11D3-BF4B-00C04F79EFBC}") = "Problem03EnglishDigit", "Problem03EnglishDigit\Problem03EnglishDigit.csproj", "{8022A5D1-0EAC-405E-A185-444BFD624778}"
EndProject
Project("{FAE04EC0-301F-11D3-BF4B-00C04F79EFBC}") = "Problem04AppearanceCount", "Problem04AppearanceCount\Problem04AppearanceCount.csproj", "{17EB8BF7-5A76-4C83-8D0E-F5CBFC2EDCD2}"
EndProject
Project("{FAE04EC0-301F-11D3-BF4B-00C04F79EFBC}") = "Problem05LargerThanNeighbours", "Problem05LargerThanNeighbours\Problem05LargerThanNeighbours.csproj", "{32C522D1-566C-4BFD-9032-57CD7190F82C}"
EndProject
Project("{FAE04EC0-301F-11D3-BF4B-00C04F79EFBC}") = "Problem06FirstLargerThanNeighbours", "Problem06FirstLargerThanNeighbours\Problem06FirstLargerThanNeighbours.csproj", "{6171ADF2-E316-4E3A-922D-5F4341248F60}"
EndProject
Project("{FAE04EC0-301F-11D3-BF4B-00C04F79EFBC}") = "Problem07ReverseNumber", "Problem07ReverseNumber\Problem07ReverseNumber.csproj", "{06DB1D22-11F0-4EB7-B314-82D439107447}"
EndProject
Project("{FAE04EC0-301F-11D3-BF4B-00C04F79EFBC}") = "Problem08NumberAsArray", "Problem08NumberAsArray\Problem08NumberAsArray.csproj", "{EAEAE22B-5F9D-4E6F-9A4B-5CA386629121}"
EndProject
Project("{FAE04EC0-301F-11D3-BF4B-00C04F79EFBC}") = "Problem09SortingArray", "Problem09SortingArray\Problem09SortingArray.csproj", "{FA203063-B7D4-42C8-9A73-101225086902}"
EndProject
Project("{FAE04EC0-301F-11D3-BF4B-00C04F79EFBC}") = "Problem10NFactorial", "Problem10NFactorial\Problem10NFactorial.csproj", "{CF74C3EF-00AD-4D97-9A60-D6BEA999711B}"
EndProject
Project("{FAE04EC0-301F-11D3-BF4B-00C04F79EFBC}") = "Problem11AddingPolynomials", "Problem11AddingPolynomials\Problem11AddingPolynomials.csproj", "{55DE18C9-D48D-4A21-82F7-0BCEC87AB89D}"
EndProject
Project("{FAE04EC0-301F-11D3-BF4B-00C04F79EFBC}") = "Problem12SubtractingPolynomials", "Problem12SubtractingPolynomials\Problem12SubtractingPolynomials.csproj", "{26E8A8BC-155F-4DB0-B31E-A6E4A77DB1D5}"
EndProject
Project("{FAE04EC0-301F-11D3-BF4B-00C04F79EFBC}") = "Problem13SolveTasks", "Problem13SolveTasks\Problem13SolveTasks.csproj", "{DD177510-F3F6-4FFA-B866-B605A4CC044A}"
EndProject
Project("{FAE04EC0-301F-11D3-BF4B-00C04F79EFBC}") = "Problem14IntegerCalculations", "Problem14IntegerCalculations\Problem14IntegerCalculations.csproj", "{8005A943-62D2-4BCC-B5D1-31392D52C0D0}"
EndProject
Project("{FAE04EC0-301F-11D3-BF4B-00C04F79EFBC}") = "Problem15NumberCalculations", "Problem15NumberCalculations\Problem15NumberCalculations.csproj", "{E4038CA7-58B7-43BC-B224-E908E5821A58}"
EndProject
Global
	GlobalSection(SolutionConfigurationPlatforms) = preSolution
		Debug|Any CPU = Debug|Any CPU
		Release|Any CPU = Release|Any CPU
	EndGlobalSection
	GlobalSection(ProjectConfigurationPlatforms) = postSolution
		{D9412102-535D-4829-A570-38D0C5D47338}.Debug|Any CPU.ActiveCfg = Debug|Any CPU
		{D9412102-535D-4829-A570-38D0C5D47338}.Debug|Any CPU.Build.0 = Debug|Any CPU
		{D9412102-535D-4829-A570-38D0C5D47338}.Release|Any CPU.ActiveCfg = Release|Any CPU
		{D9412102-535D-4829-A570-38D0C5D47338}.Release|Any CPU.Build.0 = Release|Any CPU
		{AB6D88F5-363C-469A-A753-C9A31BCB53A9}.Debug|Any CPU.ActiveCfg = Debug|Any CPU
		{AB6D88F5-363C-469A-A753-C9A31BCB53A9}.Debug|Any CPU.Build.0 = Debug|Any CPU
		{AB6D88F5-363C-469A-A753-C9A31BCB53A9}.Release|Any CPU.ActiveCfg = Release|Any CPU
		{AB6D88F5-363C-469A-A753-C9A31BCB53A9}.Release|Any CPU.Build.0 = Release|Any CPU
		{8022A5D1-0EAC-405E-A185-444BFD624778}.Debug|Any CPU.ActiveCfg = Debug|Any CPU
		{8022A5D1-0EAC-405E-A185-444BFD624778}.Debug|Any CPU.Build.0 = Debug|Any CPU
		{8022A5D1-0EAC-405E-A185-444BFD624778}.Release|Any CPU.ActiveCfg = Release|Any CPU
		{8022A5D1-0EAC-405E-A185-444BFD624778}.Release|Any CPU.Build.0 = Release|Any CPU
		{17EB8BF7-5A76-4C83-8D0E-F5CBFC2EDCD2}.Debug|Any CPU.ActiveCfg = Debug|Any CPU
		{17EB8BF7-5A76-4C83-8D0E-F5CBFC2EDCD2}.Debug|Any CPU.Build.0 = Debug|Any CPU
		{17EB8BF7-5A76-4C83-8D0E-F5CBFC2EDCD2}.Release|Any CPU.ActiveCfg = Release|Any CPU
		{17EB8BF7-5A76-4C83-8D0E-F5CBFC2EDCD2}.Release|Any CPU.Build.0 = Release|Any CPU
		{32C522D1-566C-4BFD-9032-57CD7190F82C}.Debug|Any CPU.ActiveCfg = Debug|Any CPU
		{32C522D1-566C-4BFD-9032-57CD7190F82C}.Debug|Any CPU.Build.0 = Debug|Any CPU
		{32C522D1-566C-4BFD-9032-57CD7190F82C}.Release|Any CPU.ActiveCfg = Release|Any CPU
		{32C522D1-566C-4BFD-9032-57CD7190F82C}.Release|Any CPU.Build.0 = Release|Any CPU
		{6171ADF2-E316-4E3A-922D-5F4341248F60}.Debug|Any CPU.ActiveCfg = Debug|Any CPU
		{6171ADF2-E316-4E3A-922D-5F4341248F60}.Debug|Any CPU.Build.0 = Debug|Any CPU
		{6171ADF2-E316-4E3A-922D-5F4341248F60}.Release|Any CPU.ActiveCfg = Release|Any CPU
		{6171ADF2-E316-4E3A-922D-5F4341248F60}.Release|Any CPU.Build.0 = Release|Any CPU
		{06DB1D22-11F0-4EB7-B314-82D439107447}.Debug|Any CPU.ActiveCfg = Debug|Any CPU
		{06DB1D22-11F0-4EB7-B314-82D439107447}.Debug|Any CPU.Build.0 = Debug|Any CPU
		{06DB1D22-11F0-4EB7-B314-82D439107447}.Release|Any CPU.ActiveCfg = Release|Any CPU
		{06DB1D22-11F0-4EB7-B314-82D439107447}.Release|Any CPU.Build.0 = Release|Any CPU
		{EAEAE22B-5F9D-4E6F-9A4B-5CA386629121}.Debug|Any CPU.ActiveCfg = Debug|Any CPU
		{EAEAE22B-5F9D-4E6F-9A4B-5CA386629121}.Debug|Any CPU.Build.0 = Debug|Any CPU
		{EAEAE22B-5F9D-4E6F-9A4B-5CA386629121}.Release|Any CPU.ActiveCfg = Release|Any CPU
		{EAEAE22B-5F9D-4E6F-9A4B-5CA386629121}.Release|Any CPU.Build.0 = Release|Any CPU
		{FA203063-B7D4-42C8-9A73-101225086902}.Debug|Any CPU.ActiveCfg = Debug|Any CPU
		{FA203063-B7D4-42C8-9A73-101225086902}.Debug|Any CPU.Build.0 = Debug|Any CPU
		{FA203063-B7D4-42C8-9A73-101225086902}.Release|Any CPU.ActiveCfg = Release|Any CPU
		{FA203063-B7D4-42C8-9A73-101225086902}.Release|Any CPU.Build.0 = Release|Any CPU
		{CF74C3EF-00AD-4D97-9A60-D6BEA999711B}.Debug|Any CPU.ActiveCfg = Debug|Any CPU
		{CF74C3EF-00AD-4D97-9A60-D6BEA999711B}.Debug|Any CPU.Build.0 = Debug|Any CPU
		{CF74C3EF-00AD-4D97-9A60-D6BEA999711B}.Release|Any CPU.ActiveCfg = Release|Any CPU
		{CF74C3EF-00AD-4D97-9A60-D6BEA999711B}.Release|Any CPU.Build.0 = Release|Any CPU
		{55DE18C9-D48D-4A21-82F7-0BCEC87AB89D}.Debug|Any CPU.ActiveCfg = Debug|Any CPU
		{55DE18C9-D48D-4A21-82F7-0BCEC87AB89D}.Debug|Any CPU.Build.0 = Debug|Any CPU
		{55DE18C9-D48D-4A21-82F7-0BCEC87AB89D}.Release|Any CPU.ActiveCfg = Release|Any CPU
		{55DE18C9-D48D-4A21-82F7-0BCEC87AB89D}.Release|Any CPU.Build.0 = Release|Any CPU
		{26E8A8BC-155F-4DB0-B31E-A6E4A77DB1D5}.Debug|Any CPU.ActiveCfg = Debug|Any CPU
		{26E8A8BC-155F-4DB0-B31E-A6E4A77DB1D5}.Debug|Any CPU.Build.0 = Debug|Any CPU
		{26E8A8BC-155F-4DB0-B31E-A6E4A77DB1D5}.Release|Any CPU.ActiveCfg = Release|Any CPU
		{26E8A8BC-155F-4DB0-B31E-A6E4A77DB1D5}.Release|Any CPU.Build.0 = Release|Any CPU
		{DD177510-F3F6-4FFA-B866-B605A4CC044A}.Debug|Any CPU.ActiveCfg = Debug|Any CPU
		{DD177510-F3F6-4FFA-B866-B605A4CC044A}.Debug|Any CPU.Build.0 = Debug|Any CPU
		{DD177510-F3F6-4FFA-B866-B605A4CC044A}.Release|Any CPU.ActiveCfg = Release|Any CPU
		{DD177510-F3F6-4FFA-B866-B605A4CC044A}.Release|Any CPU.Build.0 = Release|Any CPU
		{8005A943-62D2-4BCC-B5D1-31392D52C0D0}.Debug|Any CPU.ActiveCfg = Debug|Any CPU
		{8005A943-62D2-4BCC-B5D1-31392D52C0D0}.Debug|Any CPU.Build.0 = Debug|Any CPU
		{8005A943-62D2-4BCC-B5D1-31392D52C0D0}.Release|Any CPU.ActiveCfg = Release|Any CPU
		{8005A943-62D2-4BCC-B5D1-31392D52C0D0}.Release|Any CPU.Build.0 = Release|Any CPU
		{E4038CA7-58B7-43BC-B224-E908E5821A58}.Debug|Any CPU.ActiveCfg = Debug|Any CPU
		{E4038CA7-58B7-43BC-B224-E908E5821A58}.Debug|Any CPU.Build.0 = Debug|Any CPU
		{E4038CA7-58B7-43BC-B224-E908E5821A58}.Release|Any CPU.ActiveCfg = Release|Any CPU
		{E4038CA7-58B7-43BC-B224-E908E5821A58}.Release|Any CPU.Build.0 = Release|Any CPU
	EndGlobalSection
	GlobalSection(SolutionProperties) = preSolution
		HideSolutionNode = FALSE
	EndGlobalSection
EndGlobal
