
Microsoft Visual Studio Solution File, Format Version 12.00
# Visual Studio 2013
VisualStudioVersion = 12.0.31101.0
MinimumVisualStudioVersion = 10.0.40219.1
Project("{FAE04EC0-301F-11D3-BF4B-00C04F79EFBC}") = "Problem01FillTheMatrixA", "Problem01FillTheMatrixA\Problem01FillTheMatrixA.csproj", "{2CDE7B63-6611-48CA-A3E0-293A7B6BB820}"
EndProject
Project("{FAE04EC0-301F-11D3-BF4B-00C04F79EFBC}") = "Problem01FillTheMatrixB", "Problem01FillTheMatrixB\Problem01FillTheMatrixB.csproj", "{041066F7-EBAF-4643-8423-4CAE8FE822D8}"
EndProject
Project("{FAE04EC0-301F-11D3-BF4B-00C04F79EFBC}") = "Problem01FillTheMatrixC", "Problem01FillTheMatrixC\Problem01FillTheMatrixC.csproj", "{08E22357-B51B-47E2-A42B-55AC2E9552AE}"
EndProject
Project("{FAE04EC0-301F-11D3-BF4B-00C04F79EFBC}") = "Problem01FillTheMatrixD", "Problem01FillTheMatrixD\Problem01FillTheMatrixD.csproj", "{70C49188-72FD-4305-9163-0490DF3B03F6}"
EndProject
Project("{FAE04EC0-301F-11D3-BF4B-00C04F79EFBC}") = "Problem02MaximalSum", "Problem02MaximalSum\Problem02MaximalSum.csproj", "{E34969C8-8951-492B-BE7C-8E35701278EC}"
EndProject
Project("{FAE04EC0-301F-11D3-BF4B-00C04F79EFBC}") = "Problem03SequenceNmatrix", "Problem03SequenceNmatrix\Problem03SequenceNmatrix.csproj", "{0FCE5FB0-9FFB-45CD-BDD4-302052216167}"
EndProject
Project("{FAE04EC0-301F-11D3-BF4B-00C04F79EFBC}") = "Problem04BinarySearch", "Problem04BinarySearch\Problem04BinarySearch.csproj", "{38479D48-B8E8-42FA-AA91-340C2B3C7CAC}"
EndProject
Project("{FAE04EC0-301F-11D3-BF4B-00C04F79EFBC}") = "Problem05SortByStringLength", "Problem05SortByStringLength\Problem05SortByStringLength.csproj", "{A7FBE59E-F2F2-4CF2-A7AA-E3337FB8371C}"
EndProject
Project("{FAE04EC0-301F-11D3-BF4B-00C04F79EFBC}") = "Problem06MatrixClass", "Problem06MatrixClass\Problem06MatrixClass.csproj", "{1723287A-8DCF-40C3-8B03-F9EB5358F219}"
EndProject
Project("{FAE04EC0-301F-11D3-BF4B-00C04F79EFBC}") = "Problem07LargestAreaInMatrix", "Problem07LargestAreaInMatrix\Problem07LargestAreaInMatrix.csproj", "{098EA69F-0CA4-4141-8829-CD52AD1F332D}"
EndProject
Global
	GlobalSection(SolutionConfigurationPlatforms) = preSolution
		Debug|Any CPU = Debug|Any CPU
		Release|Any CPU = Release|Any CPU
	EndGlobalSection
	GlobalSection(ProjectConfigurationPlatforms) = postSolution
		{2CDE7B63-6611-48CA-A3E0-293A7B6BB820}.Debug|Any CPU.ActiveCfg = Debug|Any CPU
		{2CDE7B63-6611-48CA-A3E0-293A7B6BB820}.Debug|Any CPU.Build.0 = Debug|Any CPU
		{2CDE7B63-6611-48CA-A3E0-293A7B6BB820}.Release|Any CPU.ActiveCfg = Release|Any CPU
		{2CDE7B63-6611-48CA-A3E0-293A7B6BB820}.Release|Any CPU.Build.0 = Release|Any CPU
		{041066F7-EBAF-4643-8423-4CAE8FE822D8}.Debug|Any CPU.ActiveCfg = Debug|Any CPU
		{041066F7-EBAF-4643-8423-4CAE8FE822D8}.Debug|Any CPU.Build.0 = Debug|Any CPU
		{041066F7-EBAF-4643-8423-4CAE8FE822D8}.Release|Any CPU.ActiveCfg = Release|Any CPU
		{041066F7-EBAF-4643-8423-4CAE8FE822D8}.Release|Any CPU.Build.0 = Release|Any CPU
		{08E22357-B51B-47E2-A42B-55AC2E9552AE}.Debug|Any CPU.ActiveCfg = Debug|Any CPU
		{08E22357-B51B-47E2-A42B-55AC2E9552AE}.Debug|Any CPU.Build.0 = Debug|Any CPU
		{08E22357-B51B-47E2-A42B-55AC2E9552AE}.Release|Any CPU.ActiveCfg = Release|Any CPU
		{08E22357-B51B-47E2-A42B-55AC2E9552AE}.Release|Any CPU.Build.0 = Release|Any CPU
		{70C49188-72FD-4305-9163-0490DF3B03F6}.Debug|Any CPU.ActiveCfg = Debug|Any CPU
		{70C49188-72FD-4305-9163-0490DF3B03F6}.Debug|Any CPU.Build.0 = Debug|Any CPU
		{70C49188-72FD-4305-9163-0490DF3B03F6}.Release|Any CPU.ActiveCfg = Release|Any CPU
		{70C49188-72FD-4305-9163-0490DF3B03F6}.Release|Any CPU.Build.0 = Release|Any CPU
		{E34969C8-8951-492B-BE7C-8E35701278EC}.Debug|Any CPU.ActiveCfg = Debug|Any CPU
		{E34969C8-8951-492B-BE7C-8E35701278EC}.Debug|Any CPU.Build.0 = Debug|Any CPU
		{E34969C8-8951-492B-BE7C-8E35701278EC}.Release|Any CPU.ActiveCfg = Release|Any CPU
		{E34969C8-8951-492B-BE7C-8E35701278EC}.Release|Any CPU.Build.0 = Release|Any CPU
		{0FCE5FB0-9FFB-45CD-BDD4-302052216167}.Debug|Any CPU.ActiveCfg = Debug|Any CPU
		{0FCE5FB0-9FFB-45CD-BDD4-302052216167}.Debug|Any CPU.Build.0 = Debug|Any CPU
		{0FCE5FB0-9FFB-45CD-BDD4-302052216167}.Release|Any CPU.ActiveCfg = Release|Any CPU
		{0FCE5FB0-9FFB-45CD-BDD4-302052216167}.Release|Any CPU.Build.0 = Release|Any CPU
		{38479D48-B8E8-42FA-AA91-340C2B3C7CAC}.Debug|Any CPU.ActiveCfg = Debug|Any CPU
		{38479D48-B8E8-42FA-AA91-340C2B3C7CAC}.Debug|Any CPU.Build.0 = Debug|Any CPU
		{38479D48-B8E8-42FA-AA91-340C2B3C7CAC}.Release|Any CPU.ActiveCfg = Release|Any CPU
		{38479D48-B8E8-42FA-AA91-340C2B3C7CAC}.Release|Any CPU.Build.0 = Release|Any CPU
		{A7FBE59E-F2F2-4CF2-A7AA-E3337FB8371C}.Debug|Any CPU.ActiveCfg = Debug|Any CPU
		{A7FBE59E-F2F2-4CF2-A7AA-E3337FB8371C}.Debug|Any CPU.Build.0 = Debug|Any CPU
		{A7FBE59E-F2F2-4CF2-A7AA-E3337FB8371C}.Release|Any CPU.ActiveCfg = Release|Any CPU
		{A7FBE59E-F2F2-4CF2-A7AA-E3337FB8371C}.Release|Any CPU.Build.0 = Release|Any CPU
		{1723287A-8DCF-40C3-8B03-F9EB5358F219}.Debug|Any CPU.ActiveCfg = Debug|Any CPU
		{1723287A-8DCF-40C3-8B03-F9EB5358F219}.Debug|Any CPU.Build.0 = Debug|Any CPU
		{1723287A-8DCF-40C3-8B03-F9EB5358F219}.Release|Any CPU.ActiveCfg = Release|Any CPU
		{1723287A-8DCF-40C3-8B03-F9EB5358F219}.Release|Any CPU.Build.0 = Release|Any CPU
		{098EA69F-0CA4-4141-8829-CD52AD1F332D}.Debug|Any CPU.ActiveCfg = Debug|Any CPU
		{098EA69F-0CA4-4141-8829-CD52AD1F332D}.Debug|Any CPU.Build.0 = Debug|Any CPU
		{098EA69F-0CA4-4141-8829-CD52AD1F332D}.Release|Any CPU.ActiveCfg = Release|Any CPU
		{098EA69F-0CA4-4141-8829-CD52AD1F332D}.Release|Any CPU.Build.0 = Release|Any CPU
	EndGlobalSection
	GlobalSection(SolutionProperties) = preSolution
		HideSolutionNode = FALSE
	EndGlobalSection
EndGlobal
