
Microsoft Visual Studio Solution File, Format Version 12.00
# Visual Studio 2012
Project("{FAE04EC0-301F-11D3-BF4B-00C04F79EFBC}") = "Problem01DeclareVariables", "Problem1DeclareVariables\Problem01DeclareVariables.csproj", "{9D49E07C-C399-4C74-9D20-D2D754BF0631}"
EndProject
Project("{FAE04EC0-301F-11D3-BF4B-00C04F79EFBC}") = "Problem02FloatorDouble", "Problem2FloatorDouble\Problem02FloatorDouble.csproj", "{82C9DFF5-0782-40D0-9006-F435DF11C32D}"
EndProject
Project("{FAE04EC0-301F-11D3-BF4B-00C04F79EFBC}") = "Problem03VariableInHexadecimalFormat", "Problem3VariableInHexadecimalFormat\Problem03VariableInHexadecimalFormat.csproj", "{32219287-5242-41E3-A18E-E8C1C4A3F3BC}"
EndProject
Project("{FAE04EC0-301F-11D3-BF4B-00C04F79EFBC}") = "Problem04UnicodeCharacter", "Problem4UnicodeCharacter\Problem04UnicodeCharacter.csproj", "{5946727D-A33C-4B00-82EB-6AA74C4CFD4F}"
EndProject
Project("{FAE04EC0-301F-11D3-BF4B-00C04F79EFBC}") = "Problem05BooleanVariable", "Problem5BooleanVariable\Problem05BooleanVariable.csproj", "{C7DF29AE-F874-4779-87CE-30E0D8F88CFA}"
EndProject
Project("{FAE04EC0-301F-11D3-BF4B-00C04F79EFBC}") = "Problem06StringsAndObjects", "Problem6StringsAndObjects\Problem06StringsAndObjects.csproj", "{C68812ED-9220-4CA6-A36F-6E82F25B356A}"
EndProject
Project("{FAE04EC0-301F-11D3-BF4B-00C04F79EFBC}") = "Problem07QuotesInStrings", "Problem7QuotesInStrings\Problem07QuotesInStrings.csproj", "{4E2B9AF4-FFD0-45DC-AECA-7EB47C66FC8C}"
EndProject
Project("{FAE04EC0-301F-11D3-BF4B-00C04F79EFBC}") = "Problem08IsoscelesTriangle", "Problem8IsoscelesTriangle\Problem08IsoscelesTriangle.csproj", "{F34F9921-DD9A-49BB-9E1B-E8B8B31B4FE4}"
EndProject
Project("{FAE04EC0-301F-11D3-BF4B-00C04F79EFBC}") = "Problem09ExchangeVariableValues", "Problem9ExchangeVariableValues\Problem09ExchangeVariableValues.csproj", "{2D6E6334-8ED4-45BB-8353-53260CE1D622}"
EndProject
Project("{FAE04EC0-301F-11D3-BF4B-00C04F79EFBC}") = "Problem10EmployeeData", "Problem10EmployeeData\Problem10EmployeeData.csproj", "{E2B0032B-8325-4436-9176-A00E3F9D1FAA}"
EndProject
Project("{FAE04EC0-301F-11D3-BF4B-00C04F79EFBC}") = "Problem11BankAccountData", "Problem11BankAccountData\Problem11BankAccountData.csproj", "{727449E4-6B68-47A0-A726-E3B7A2BA3981}"
EndProject
Project("{FAE04EC0-301F-11D3-BF4B-00C04F79EFBC}") = "Problem12NullValuesArithmetic", "Problem12NullValuesArithmetic\Problem12NullValuesArithmetic.csproj", "{B3C5FA46-7709-4D28-AFCC-ADD765EDD9CA}"
EndProject
Project("{FAE04EC0-301F-11D3-BF4B-00C04F79EFBC}") = "Problem13ComparingFloats", "Problem13ComparingFloats\Problem13ComparingFloats.csproj", "{6954438C-1693-4A8C-ABF5-AA43D308774E}"
EndProject
Project("{FAE04EC0-301F-11D3-BF4B-00C04F79EFBC}") = "Problem14PrintTheASCIITable", "Problem14PrintTheASCIITable\Problem14PrintTheASCIITable.csproj", "{E3D45896-7EDE-4DFE-A0E5-458B96352754}"
EndProject
Global
	GlobalSection(SolutionConfigurationPlatforms) = preSolution
		Debug|x86 = Debug|x86
		Release|x86 = Release|x86
	EndGlobalSection
	GlobalSection(ProjectConfigurationPlatforms) = postSolution
		{2D6E6334-8ED4-45BB-8353-53260CE1D622}.Debug|x86.ActiveCfg = Debug|x86
		{2D6E6334-8ED4-45BB-8353-53260CE1D622}.Debug|x86.Build.0 = Debug|x86
		{2D6E6334-8ED4-45BB-8353-53260CE1D622}.Release|x86.ActiveCfg = Release|x86
		{2D6E6334-8ED4-45BB-8353-53260CE1D622}.Release|x86.Build.0 = Release|x86
		{32219287-5242-41E3-A18E-E8C1C4A3F3BC}.Debug|x86.ActiveCfg = Debug|x86
		{32219287-5242-41E3-A18E-E8C1C4A3F3BC}.Debug|x86.Build.0 = Debug|x86
		{32219287-5242-41E3-A18E-E8C1C4A3F3BC}.Release|x86.ActiveCfg = Release|x86
		{32219287-5242-41E3-A18E-E8C1C4A3F3BC}.Release|x86.Build.0 = Release|x86
		{4E2B9AF4-FFD0-45DC-AECA-7EB47C66FC8C}.Debug|x86.ActiveCfg = Debug|x86
		{4E2B9AF4-FFD0-45DC-AECA-7EB47C66FC8C}.Debug|x86.Build.0 = Debug|x86
		{4E2B9AF4-FFD0-45DC-AECA-7EB47C66FC8C}.Release|x86.ActiveCfg = Release|x86
		{4E2B9AF4-FFD0-45DC-AECA-7EB47C66FC8C}.Release|x86.Build.0 = Release|x86
		{5946727D-A33C-4B00-82EB-6AA74C4CFD4F}.Debug|x86.ActiveCfg = Debug|x86
		{5946727D-A33C-4B00-82EB-6AA74C4CFD4F}.Debug|x86.Build.0 = Debug|x86
		{5946727D-A33C-4B00-82EB-6AA74C4CFD4F}.Release|x86.ActiveCfg = Release|x86
		{5946727D-A33C-4B00-82EB-6AA74C4CFD4F}.Release|x86.Build.0 = Release|x86
		{6954438C-1693-4A8C-ABF5-AA43D308774E}.Debug|x86.ActiveCfg = Debug|x86
		{6954438C-1693-4A8C-ABF5-AA43D308774E}.Debug|x86.Build.0 = Debug|x86
		{6954438C-1693-4A8C-ABF5-AA43D308774E}.Release|x86.ActiveCfg = Release|x86
		{6954438C-1693-4A8C-ABF5-AA43D308774E}.Release|x86.Build.0 = Release|x86
		{727449E4-6B68-47A0-A726-E3B7A2BA3981}.Debug|x86.ActiveCfg = Debug|x86
		{727449E4-6B68-47A0-A726-E3B7A2BA3981}.Debug|x86.Build.0 = Debug|x86
		{727449E4-6B68-47A0-A726-E3B7A2BA3981}.Release|x86.ActiveCfg = Release|x86
		{727449E4-6B68-47A0-A726-E3B7A2BA3981}.Release|x86.Build.0 = Release|x86
		{82C9DFF5-0782-40D0-9006-F435DF11C32D}.Debug|x86.ActiveCfg = Debug|x86
		{82C9DFF5-0782-40D0-9006-F435DF11C32D}.Debug|x86.Build.0 = Debug|x86
		{82C9DFF5-0782-40D0-9006-F435DF11C32D}.Release|x86.ActiveCfg = Release|x86
		{82C9DFF5-0782-40D0-9006-F435DF11C32D}.Release|x86.Build.0 = Release|x86
		{9D49E07C-C399-4C74-9D20-D2D754BF0631}.Debug|x86.ActiveCfg = Debug|x86
		{9D49E07C-C399-4C74-9D20-D2D754BF0631}.Debug|x86.Build.0 = Debug|x86
		{9D49E07C-C399-4C74-9D20-D2D754BF0631}.Release|x86.ActiveCfg = Release|x86
		{9D49E07C-C399-4C74-9D20-D2D754BF0631}.Release|x86.Build.0 = Release|x86
		{B3C5FA46-7709-4D28-AFCC-ADD765EDD9CA}.Debug|x86.ActiveCfg = Debug|x86
		{B3C5FA46-7709-4D28-AFCC-ADD765EDD9CA}.Debug|x86.Build.0 = Debug|x86
		{B3C5FA46-7709-4D28-AFCC-ADD765EDD9CA}.Release|x86.ActiveCfg = Release|x86
		{B3C5FA46-7709-4D28-AFCC-ADD765EDD9CA}.Release|x86.Build.0 = Release|x86
		{C68812ED-9220-4CA6-A36F-6E82F25B356A}.Debug|x86.ActiveCfg = Debug|x86
		{C68812ED-9220-4CA6-A36F-6E82F25B356A}.Debug|x86.Build.0 = Debug|x86
		{C68812ED-9220-4CA6-A36F-6E82F25B356A}.Release|x86.ActiveCfg = Release|x86
		{C68812ED-9220-4CA6-A36F-6E82F25B356A}.Release|x86.Build.0 = Release|x86
		{C7DF29AE-F874-4779-87CE-30E0D8F88CFA}.Debug|x86.ActiveCfg = Debug|x86
		{C7DF29AE-F874-4779-87CE-30E0D8F88CFA}.Debug|x86.Build.0 = Debug|x86
		{C7DF29AE-F874-4779-87CE-30E0D8F88CFA}.Release|x86.ActiveCfg = Release|x86
		{C7DF29AE-F874-4779-87CE-30E0D8F88CFA}.Release|x86.Build.0 = Release|x86
		{E2B0032B-8325-4436-9176-A00E3F9D1FAA}.Debug|x86.ActiveCfg = Debug|x86
		{E2B0032B-8325-4436-9176-A00E3F9D1FAA}.Debug|x86.Build.0 = Debug|x86
		{E2B0032B-8325-4436-9176-A00E3F9D1FAA}.Release|x86.ActiveCfg = Release|x86
		{E2B0032B-8325-4436-9176-A00E3F9D1FAA}.Release|x86.Build.0 = Release|x86
		{E3D45896-7EDE-4DFE-A0E5-458B96352754}.Debug|x86.ActiveCfg = Debug|x86
		{E3D45896-7EDE-4DFE-A0E5-458B96352754}.Debug|x86.Build.0 = Debug|x86
		{E3D45896-7EDE-4DFE-A0E5-458B96352754}.Release|x86.ActiveCfg = Release|x86
		{E3D45896-7EDE-4DFE-A0E5-458B96352754}.Release|x86.Build.0 = Release|x86
		{F34F9921-DD9A-49BB-9E1B-E8B8B31B4FE4}.Debug|x86.ActiveCfg = Debug|x86
		{F34F9921-DD9A-49BB-9E1B-E8B8B31B4FE4}.Debug|x86.Build.0 = Debug|x86
		{F34F9921-DD9A-49BB-9E1B-E8B8B31B4FE4}.Release|x86.ActiveCfg = Release|x86
		{F34F9921-DD9A-49BB-9E1B-E8B8B31B4FE4}.Release|x86.Build.0 = Release|x86
		{89593514-1EA4-4194-BE87-2FDAA3456F79}.Debug|x86.ActiveCfg = Debug|x86
		{89593514-1EA4-4194-BE87-2FDAA3456F79}.Debug|x86.Build.0 = Debug|x86
		{89593514-1EA4-4194-BE87-2FDAA3456F79}.Release|x86.ActiveCfg = Release|x86
		{89593514-1EA4-4194-BE87-2FDAA3456F79}.Release|x86.Build.0 = Release|x86
	EndGlobalSection
EndGlobal
