
Microsoft Visual Studio Solution File, Format Version 12.00
# Visual Studio 2012
Project("{FAE04EC0-301F-11D3-BF4B-00C04F79EFBC}") = "exam", "exam\exam.csproj", "{542BED72-FD51-4748-B643-D9EE5C7FFD9C}"
EndProject
Project("{FAE04EC0-301F-11D3-BF4B-00C04F79EFBC}") = "gaeden", "gaeden\gaeden.csproj", "{669E564F-739B-4805-956E-D38C1E0E91A2}"
EndProject
Project("{FAE04EC0-301F-11D3-BF4B-00C04F79EFBC}") = "CoffeeMachine", "CoffeeMachine\CoffeeMachine.csproj", "{81896756-87D9-44FA-A6BE-6335220A6F75}"
EndProject
Project("{FAE04EC0-301F-11D3-BF4B-00C04F79EFBC}") = "DrunkenNumbers", "DrunkenNumbers\DrunkenNumbers.csproj", "{71C2AED6-686B-4B87-8753-17D016BAFF4D}"
EndProject
Project("{FAE04EC0-301F-11D3-BF4B-00C04F79EFBC}") = "proceso", "proceso\proceso.csproj", "{E2AC6FA8-628E-4EEE-A1E4-9BF2871902D0}"
EndProject
Project("{FAE04EC0-301F-11D3-BF4B-00C04F79EFBC}") = "Nightmare", "Nightmare\Nightmare.csproj", "{0A821835-C114-4F09-9099-B90A946332DD}"
EndProject
Project("{FAE04EC0-301F-11D3-BF4B-00C04F79EFBC}") = "Secrets", "Secrets\Secrets.csproj", "{6EB0CE1C-4C2C-4A4B-8AF4-05922BDFDF79}"
EndProject
Project("{FAE04EC0-301F-11D3-BF4B-00C04F79EFBC}") = "NextDay", "NextDay\NextDay.csproj", "{F7EA903A-73A8-41CE-9150-CF63EABDB6F8}"
EndProject
Project("{FAE04EC0-301F-11D3-BF4B-00C04F79EFBC}") = "probi", "probi\probi.csproj", "{F19668A9-A019-424E-8BC7-82A6315C7F5A}"
EndProject
Project("{FAE04EC0-301F-11D3-BF4B-00C04F79EFBC}") = "Tribonachi", "Tribonachi\Tribonachi.csproj", "{DD86369E-8967-40DB-B405-9B5BE114F364}"
EndProject
Project("{FAE04EC0-301F-11D3-BF4B-00C04F79EFBC}") = "Paper", "Paper\Paper.csproj", "{BD91A7EA-9EFB-4CE1-B708-409EA5B7FB36}"
EndProject
Project("{FAE04EC0-301F-11D3-BF4B-00C04F79EFBC}") = "carpet", "carpet\carpet.csproj", "{66C3E91E-41F0-4919-963A-CC931BA09AD1}"
EndProject
Project("{FAE04EC0-301F-11D3-BF4B-00C04F79EFBC}") = "FIRE", "FIRE\FIRE.csproj", "{607C14E2-CCBE-468D-93F8-02BD7899DBDE}"
EndProject
Project("{FAE04EC0-301F-11D3-BF4B-00C04F79EFBC}") = "probi2", "probi2\probi2.csproj", "{D3FB8375-F128-4722-B77B-E4E2DF4431FF}"
EndProject
Project("{FAE04EC0-301F-11D3-BF4B-00C04F79EFBC}") = "probi3", "probi3\probi3.csproj", "{F2601F1F-062D-4BB1-9F29-B2E99BDA68A0}"
EndProject
Global
	GlobalSection(SolutionConfigurationPlatforms) = preSolution
		Debug|x86 = Debug|x86
		Release|x86 = Release|x86
	EndGlobalSection
	GlobalSection(ProjectConfigurationPlatforms) = postSolution
		{0A821835-C114-4F09-9099-B90A946332DD}.Debug|x86.ActiveCfg = Debug|x86
		{0A821835-C114-4F09-9099-B90A946332DD}.Debug|x86.Build.0 = Debug|x86
		{0A821835-C114-4F09-9099-B90A946332DD}.Release|x86.ActiveCfg = Release|x86
		{0A821835-C114-4F09-9099-B90A946332DD}.Release|x86.Build.0 = Release|x86
		{542BED72-FD51-4748-B643-D9EE5C7FFD9C}.Debug|x86.ActiveCfg = Debug|x86
		{542BED72-FD51-4748-B643-D9EE5C7FFD9C}.Debug|x86.Build.0 = Debug|x86
		{542BED72-FD51-4748-B643-D9EE5C7FFD9C}.Release|x86.ActiveCfg = Release|x86
		{542BED72-FD51-4748-B643-D9EE5C7FFD9C}.Release|x86.Build.0 = Release|x86
		{607C14E2-CCBE-468D-93F8-02BD7899DBDE}.Debug|x86.ActiveCfg = Debug|x86
		{607C14E2-CCBE-468D-93F8-02BD7899DBDE}.Debug|x86.Build.0 = Debug|x86
		{607C14E2-CCBE-468D-93F8-02BD7899DBDE}.Release|x86.ActiveCfg = Release|x86
		{607C14E2-CCBE-468D-93F8-02BD7899DBDE}.Release|x86.Build.0 = Release|x86
		{669E564F-739B-4805-956E-D38C1E0E91A2}.Debug|x86.ActiveCfg = Debug|x86
		{669E564F-739B-4805-956E-D38C1E0E91A2}.Debug|x86.Build.0 = Debug|x86
		{669E564F-739B-4805-956E-D38C1E0E91A2}.Release|x86.ActiveCfg = Release|x86
		{669E564F-739B-4805-956E-D38C1E0E91A2}.Release|x86.Build.0 = Release|x86
		{66C3E91E-41F0-4919-963A-CC931BA09AD1}.Debug|x86.ActiveCfg = Debug|x86
		{66C3E91E-41F0-4919-963A-CC931BA09AD1}.Debug|x86.Build.0 = Debug|x86
		{66C3E91E-41F0-4919-963A-CC931BA09AD1}.Release|x86.ActiveCfg = Release|x86
		{66C3E91E-41F0-4919-963A-CC931BA09AD1}.Release|x86.Build.0 = Release|x86
		{6EB0CE1C-4C2C-4A4B-8AF4-05922BDFDF79}.Debug|x86.ActiveCfg = Debug|x86
		{6EB0CE1C-4C2C-4A4B-8AF4-05922BDFDF79}.Debug|x86.Build.0 = Debug|x86
		{6EB0CE1C-4C2C-4A4B-8AF4-05922BDFDF79}.Release|x86.ActiveCfg = Release|x86
		{6EB0CE1C-4C2C-4A4B-8AF4-05922BDFDF79}.Release|x86.Build.0 = Release|x86
		{71C2AED6-686B-4B87-8753-17D016BAFF4D}.Debug|x86.ActiveCfg = Debug|x86
		{71C2AED6-686B-4B87-8753-17D016BAFF4D}.Debug|x86.Build.0 = Debug|x86
		{71C2AED6-686B-4B87-8753-17D016BAFF4D}.Release|x86.ActiveCfg = Release|x86
		{71C2AED6-686B-4B87-8753-17D016BAFF4D}.Release|x86.Build.0 = Release|x86
		{81896756-87D9-44FA-A6BE-6335220A6F75}.Debug|x86.ActiveCfg = Debug|x86
		{81896756-87D9-44FA-A6BE-6335220A6F75}.Debug|x86.Build.0 = Debug|x86
		{81896756-87D9-44FA-A6BE-6335220A6F75}.Release|x86.ActiveCfg = Release|x86
		{81896756-87D9-44FA-A6BE-6335220A6F75}.Release|x86.Build.0 = Release|x86
		{BD91A7EA-9EFB-4CE1-B708-409EA5B7FB36}.Debug|x86.ActiveCfg = Debug|x86
		{BD91A7EA-9EFB-4CE1-B708-409EA5B7FB36}.Debug|x86.Build.0 = Debug|x86
		{BD91A7EA-9EFB-4CE1-B708-409EA5B7FB36}.Release|x86.ActiveCfg = Release|x86
		{BD91A7EA-9EFB-4CE1-B708-409EA5B7FB36}.Release|x86.Build.0 = Release|x86
		{D3FB8375-F128-4722-B77B-E4E2DF4431FF}.Debug|x86.ActiveCfg = Debug|x86
		{D3FB8375-F128-4722-B77B-E4E2DF4431FF}.Debug|x86.Build.0 = Debug|x86
		{D3FB8375-F128-4722-B77B-E4E2DF4431FF}.Release|x86.ActiveCfg = Release|x86
		{D3FB8375-F128-4722-B77B-E4E2DF4431FF}.Release|x86.Build.0 = Release|x86
		{DD86369E-8967-40DB-B405-9B5BE114F364}.Debug|x86.ActiveCfg = Debug|x86
		{DD86369E-8967-40DB-B405-9B5BE114F364}.Debug|x86.Build.0 = Debug|x86
		{DD86369E-8967-40DB-B405-9B5BE114F364}.Release|x86.ActiveCfg = Release|x86
		{DD86369E-8967-40DB-B405-9B5BE114F364}.Release|x86.Build.0 = Release|x86
		{E2AC6FA8-628E-4EEE-A1E4-9BF2871902D0}.Debug|x86.ActiveCfg = Debug|x86
		{E2AC6FA8-628E-4EEE-A1E4-9BF2871902D0}.Debug|x86.Build.0 = Debug|x86
		{E2AC6FA8-628E-4EEE-A1E4-9BF2871902D0}.Release|x86.ActiveCfg = Release|x86
		{E2AC6FA8-628E-4EEE-A1E4-9BF2871902D0}.Release|x86.Build.0 = Release|x86
		{F19668A9-A019-424E-8BC7-82A6315C7F5A}.Debug|x86.ActiveCfg = Debug|x86
		{F19668A9-A019-424E-8BC7-82A6315C7F5A}.Debug|x86.Build.0 = Debug|x86
		{F19668A9-A019-424E-8BC7-82A6315C7F5A}.Release|x86.ActiveCfg = Release|x86
		{F19668A9-A019-424E-8BC7-82A6315C7F5A}.Release|x86.Build.0 = Release|x86
		{F2601F1F-062D-4BB1-9F29-B2E99BDA68A0}.Debug|x86.ActiveCfg = Debug|x86
		{F2601F1F-062D-4BB1-9F29-B2E99BDA68A0}.Debug|x86.Build.0 = Debug|x86
		{F2601F1F-062D-4BB1-9F29-B2E99BDA68A0}.Release|x86.ActiveCfg = Release|x86
		{F2601F1F-062D-4BB1-9F29-B2E99BDA68A0}.Release|x86.Build.0 = Release|x86
		{F7EA903A-73A8-41CE-9150-CF63EABDB6F8}.Debug|x86.ActiveCfg = Debug|x86
		{F7EA903A-73A8-41CE-9150-CF63EABDB6F8}.Debug|x86.Build.0 = Debug|x86
		{F7EA903A-73A8-41CE-9150-CF63EABDB6F8}.Release|x86.ActiveCfg = Release|x86
		{F7EA903A-73A8-41CE-9150-CF63EABDB6F8}.Release|x86.Build.0 = Release|x86
	EndGlobalSection
EndGlobal
